
Microsoft Visual Studio Solution File, Format Version 12.00
# Visual Studio Version 17
VisualStudioVersion = 17.4.33213.308
MinimumVisualStudioVersion = 10.0.40219.1
Project("{FAE04EC0-301F-11D3-BF4B-00C04F79EFBC}") = "DotNet2", "DotNet2\DotNet2.csproj", "{100419F0-164C-4935-9974-CA8CF47B4380}"
EndProject
Global
	GlobalSection(SolutionConfigurationPlatforms) = preSolution
		Debug|Any CPU = Debug|Any CPU
		Release|Any CPU = Release|Any CPU
	EndGlobalSection
	GlobalSection(ProjectConfigurationPlatforms) = postSolution
		{100419F0-164C-4935-9974-CA8CF47B4380}.Debug|Any CPU.ActiveCfg = Debug|Any CPU
		{100419F0-164C-4935-9974-CA8CF47B4380}.Debug|Any CPU.Build.0 = Debug|Any CPU
		{100419F0-164C-4935-9974-CA8CF47B4380}.Release|Any CPU.ActiveCfg = Release|Any CPU
		{100419F0-164C-4935-9974-CA8CF47B4380}.Release|Any CPU.Build.0 = Release|Any CPU
	EndGlobalSection
	GlobalSection(SolutionProperties) = preSolution
		HideSolutionNode = FALSE
	EndGlobalSection
	GlobalSection(ExtensibilityGlobals) = postSolution
		SolutionGuid = {7183EE6C-4A91-481A-B595-8F5E356F8D28}
	EndGlobalSection
EndGlobal
